
Microsoft Visual Studio Solution File, Format Version 12.00
# Visual Studio Version 17
VisualStudioVersion = 17.8.34330.188
MinimumVisualStudioVersion = 10.0.40219.1
Project("{9A19103F-16F7-4668-BE54-9A1E7A4F7556}") = "00. Algorithm", "00. Algorithm\00. Algorithm.csproj", "{CD75DB54-18A4-4ACD-B674-39741B3D730D}"
EndProject
Project("{9A19103F-16F7-4668-BE54-9A1E7A4F7556}") = "01. List", "01. List\01. List.csproj", "{FEB674A3-E30F-4391-AC2B-408BDBECA47C}"
EndProject
Project("{9A19103F-16F7-4668-BE54-9A1E7A4F7556}") = "02. LinkedList", "02. LinkedList\02. LinkedList.csproj", "{2E859735-8333-4A22-B458-7FA3F903E832}"
EndProject
Project("{9A19103F-16F7-4668-BE54-9A1E7A4F7556}") = "03. Stack", "stack\03. Stack.csproj", "{B54E837B-212F-43CB-AA35-6AF70100E541}"
EndProject
Project("{9A19103F-16F7-4668-BE54-9A1E7A4F7556}") = "04. Queue", "04. Queue\04. Queue.csproj", "{149DF7DA-E7BD-4BD5-BC77-8D88D961BA97}"
EndProject
Project("{9A19103F-16F7-4668-BE54-9A1E7A4F7556}") = "05. BinarySearchTree", "05. BinarySearchTree\05. BinarySearchTree.csproj", "{57AB3E61-6E53-4012-902D-D6C5CFF6F780}"
EndProject
Project("{FAE04EC0-301F-11D3-BF4B-00C04F79EFBC}") = "06. Heap", "06. Heap\06. Heap.csproj", "{006AB40D-F198-4F98-979C-EDE7F9505DDA}"
EndProject
Global
	GlobalSection(SolutionConfigurationPlatforms) = preSolution
		Debug|Any CPU = Debug|Any CPU
		Release|Any CPU = Release|Any CPU
	EndGlobalSection
	GlobalSection(ProjectConfigurationPlatforms) = postSolution
		{CD75DB54-18A4-4ACD-B674-39741B3D730D}.Debug|Any CPU.ActiveCfg = Debug|Any CPU
		{CD75DB54-18A4-4ACD-B674-39741B3D730D}.Debug|Any CPU.Build.0 = Debug|Any CPU
		{CD75DB54-18A4-4ACD-B674-39741B3D730D}.Release|Any CPU.ActiveCfg = Release|Any CPU
		{CD75DB54-18A4-4ACD-B674-39741B3D730D}.Release|Any CPU.Build.0 = Release|Any CPU
		{FEB674A3-E30F-4391-AC2B-408BDBECA47C}.Debug|Any CPU.ActiveCfg = Debug|Any CPU
		{FEB674A3-E30F-4391-AC2B-408BDBECA47C}.Debug|Any CPU.Build.0 = Debug|Any CPU
		{FEB674A3-E30F-4391-AC2B-408BDBECA47C}.Release|Any CPU.ActiveCfg = Release|Any CPU
		{FEB674A3-E30F-4391-AC2B-408BDBECA47C}.Release|Any CPU.Build.0 = Release|Any CPU
		{2E859735-8333-4A22-B458-7FA3F903E832}.Debug|Any CPU.ActiveCfg = Debug|Any CPU
		{2E859735-8333-4A22-B458-7FA3F903E832}.Debug|Any CPU.Build.0 = Debug|Any CPU
		{2E859735-8333-4A22-B458-7FA3F903E832}.Release|Any CPU.ActiveCfg = Release|Any CPU
		{2E859735-8333-4A22-B458-7FA3F903E832}.Release|Any CPU.Build.0 = Release|Any CPU
		{B54E837B-212F-43CB-AA35-6AF70100E541}.Debug|Any CPU.ActiveCfg = Debug|Any CPU
		{B54E837B-212F-43CB-AA35-6AF70100E541}.Debug|Any CPU.Build.0 = Debug|Any CPU
		{B54E837B-212F-43CB-AA35-6AF70100E541}.Release|Any CPU.ActiveCfg = Release|Any CPU
		{B54E837B-212F-43CB-AA35-6AF70100E541}.Release|Any CPU.Build.0 = Release|Any CPU
		{149DF7DA-E7BD-4BD5-BC77-8D88D961BA97}.Debug|Any CPU.ActiveCfg = Debug|Any CPU
		{149DF7DA-E7BD-4BD5-BC77-8D88D961BA97}.Debug|Any CPU.Build.0 = Debug|Any CPU
		{149DF7DA-E7BD-4BD5-BC77-8D88D961BA97}.Release|Any CPU.ActiveCfg = Release|Any CPU
		{149DF7DA-E7BD-4BD5-BC77-8D88D961BA97}.Release|Any CPU.Build.0 = Release|Any CPU
		{57AB3E61-6E53-4012-902D-D6C5CFF6F780}.Debug|Any CPU.ActiveCfg = Debug|Any CPU
		{57AB3E61-6E53-4012-902D-D6C5CFF6F780}.Debug|Any CPU.Build.0 = Debug|Any CPU
		{57AB3E61-6E53-4012-902D-D6C5CFF6F780}.Release|Any CPU.ActiveCfg = Release|Any CPU
		{57AB3E61-6E53-4012-902D-D6C5CFF6F780}.Release|Any CPU.Build.0 = Release|Any CPU
		{006AB40D-F198-4F98-979C-EDE7F9505DDA}.Debug|Any CPU.ActiveCfg = Debug|Any CPU
		{006AB40D-F198-4F98-979C-EDE7F9505DDA}.Debug|Any CPU.Build.0 = Debug|Any CPU
		{006AB40D-F198-4F98-979C-EDE7F9505DDA}.Release|Any CPU.ActiveCfg = Release|Any CPU
		{006AB40D-F198-4F98-979C-EDE7F9505DDA}.Release|Any CPU.Build.0 = Release|Any CPU
	EndGlobalSection
	GlobalSection(SolutionProperties) = preSolution
		HideSolutionNode = FALSE
	EndGlobalSection
	GlobalSection(ExtensibilityGlobals) = postSolution
		SolutionGuid = {E539ED7D-8888-4F2B-932B-3CBD66EF08EE}
	EndGlobalSection
EndGlobal
